lockfileVersion: '9.0'

settings:
  autoInstallPeers: true
  excludeLinksFromLockfile: false

importers:

  .:
    dependencies:
      '@fontsource/montserrat':
        specifier: ^5.2.7
        version: 5.2.7
      '@fontsource/roboto':
        specifier: ^5.2.7
        version: 5.2.7

packages:

  '@fontsource/montserrat@5.2.7':
    resolution: {integrity: sha512-UUa6yixHm3DISsFTcEq3AVVWRUpl3HGQXq/4QVXpSnIPMOqH5Qmer/PeNphkg/5jgA4XfmijymkmD59x8TYOSw==}

  '@fontsource/roboto@5.2.7':
    resolution: {integrity: sha512-fca6Jtyxn6kPR51+TTTMCFm0FOhnKaLEYYiAQc8P/4iFCKoKGR0aX89QR4CfP+N64RPXJus64UxhJaVENnSM6Q==}

snapshots:

  '@fontsource/montserrat@5.2.7': {}

  '@fontsource/roboto@5.2.7': {}
